
Microsoft Visual Studio Solution File, Format Version 12.00
# Visual Studio Version 17
VisualStudioVersion = 17.13.35825.156
MinimumVisualStudioVersion = 10.0.40219.1
Project("{FAE04EC0-301F-11D3-BF4B-00C04F79EFBC}") = "TicketManager", "TicketManager.csproj", "{813DD874-0B86-40D3-B390-78CD29789D43}"
EndProject
Project("{FAE04EC0-301F-11D3-BF4B-00C04F79EFBC}") = "TicketManager.DataContext", "..\TicketManager.DataContext\TicketManager.DataContext.csproj", "{28E68058-2BDD-0621-93AC-1B9671D29FF2}"
EndProject
Project("{FAE04EC0-301F-11D3-BF4B-00C04F79EFBC}") = "TicketManager.Services", "..\TicketManager.Services\TicketManager.Services.csproj", "{1C5725E4-5A7F-EC49-352D-20B3B967BEB6}"
EndProject
Global
	GlobalSection(SolutionConfigurationPlatforms) = preSolution
		Debug|Any CPU = Debug|Any CPU
		Release|Any CPU = Release|Any CPU
	EndGlobalSection
	GlobalSection(ProjectConfigurationPlatforms) = postSolution
		{813DD874-0B86-40D3-B390-78CD29789D43}.Debug|Any CPU.ActiveCfg = Debug|Any CPU
		{813DD874-0B86-40D3-B390-78CD29789D43}.Debug|Any CPU.Build.0 = Debug|Any CPU
		{813DD874-0B86-40D3-B390-78CD29789D43}.Release|Any CPU.ActiveCfg = Release|Any CPU
		{813DD874-0B86-40D3-B390-78CD29789D43}.Release|Any CPU.Build.0 = Release|Any CPU
		{28E68058-2BDD-0621-93AC-1B9671D29FF2}.Debug|Any CPU.ActiveCfg = Debug|Any CPU
		{28E68058-2BDD-0621-93AC-1B9671D29FF2}.Debug|Any CPU.Build.0 = Debug|Any CPU
		{28E68058-2BDD-0621-93AC-1B9671D29FF2}.Release|Any CPU.ActiveCfg = Release|Any CPU
		{28E68058-2BDD-0621-93AC-1B9671D29FF2}.Release|Any CPU.Build.0 = Release|Any CPU
		{1C5725E4-5A7F-EC49-352D-20B3B967BEB6}.Debug|Any CPU.ActiveCfg = Debug|Any CPU
		{1C5725E4-5A7F-EC49-352D-20B3B967BEB6}.Debug|Any CPU.Build.0 = Debug|Any CPU
		{1C5725E4-5A7F-EC49-352D-20B3B967BEB6}.Release|Any CPU.ActiveCfg = Release|Any CPU
		{1C5725E4-5A7F-EC49-352D-20B3B967BEB6}.Release|Any CPU.Build.0 = Release|Any CPU
	EndGlobalSection
	GlobalSection(SolutionProperties) = preSolution
		HideSolutionNode = FALSE
	EndGlobalSection
	GlobalSection(ExtensibilityGlobals) = postSolution
		SolutionGuid = {90C0AFAE-DD3C-4D92-B656-B0EE24E6A10E}
	EndGlobalSection
EndGlobal
